{
  "requires": true,
  "lockfileVersion": 1,
  "dependencies": {
    "@types/bootstrap": {
      "version": "3.3.42",
      "resolved": "https://registry.npmjs.org/@types/bootstrap/-/bootstrap-3.3.42.tgz",
      "integrity": "sha512-ERkg6+Doymm2Uv/+jvqgxmoDLr6vz7wThaS2523QoY/tcTuw7HKrF5v06u2Ga3nEu0+iVTnNk7HLIzgm6ZZh8A==",
      "requires": {
        "@types/jquery": "*"
      }
    },
    "@types/jquery": {
      "version": "2.0.53",
      "resolved": "https://registry.npmjs.org/@types/jquery/-/jquery-2.0.53.tgz",
      "integrity": "sha512-MZKPWUhp5TKkoJ/58NSq6io+CSUCOHm2b3Z6U4+r9v70kktB0JM+eRjdp6YmDHtw0kK2XB7L2K7/FMIoziHjUA=="
    },
    "@types/jquery.growl": {
      "version": "1.3.3",
      "resolved": "https://registry.npmjs.org/@types/jquery.growl/-/jquery.growl-1.3.3.tgz",
      "integrity": "sha512-vPflViYg/PMRJf1c5tSJen5Mm1chOAax39+PATHIPrY3ZSJastZLLlKQtbYFd5jsNpbYvhqvIKqMqw24VMHUVQ==",
      "requires": {
        "@types/jquery": "*"
      }
    },
    "@types/jqueryui": {
      "version": "1.12.7",
      "resolved": "https://registry.npmjs.org/@types/jqueryui/-/jqueryui-1.12.7.tgz",
      "integrity": "sha512-MpHuknhR20kBNsDA2VAM6WZGc+CMApzfKfTZuzMOH2dEUzo5POPGicfGJ647wvl2T6ZgQKPCSWmCUhna3XpX0Q==",
      "requires": {
        "@types/jquery": "*"
      }
    },
    "bootstrap": {
      "version": "3.3.7",
      "resolved": "https://registry.npmjs.org/bootstrap/-/bootstrap-3.3.7.tgz",
      "integrity": "sha1-WjiTlFSfIzMIdaOxUGVldPip63E="
    },
    "bootstrap-inputmsg": {
      "version": "1.0.0",
      "resolved": "https://registry.npmjs.org/bootstrap-inputmsg/-/bootstrap-inputmsg-1.0.0.tgz",
      "integrity": "sha1-fD3+C6310VBK/NQ51hAKoeQs3+A=",
      "requires": {
        "jquery": "^3.2.1",
        "typescript": "^2.2.1"
      },
      "dependencies": {
        "jquery": {
          "version": "3.3.1",
          "resolved": "https://registry.npmjs.org/jquery/-/jquery-3.3.1.tgz",
          "integrity": "sha512-Ubldcmxp5np52/ENotGxlLe6aGMvmF4R8S6tZjsP6Knsaxd/xp3Zrh50cG93lR6nPXyUFwzN3ZSOQI0wRJNdGg=="
        }
      }
    },
    "jquery": {
      "version": "3.4.1",
      "resolved": "https://registry.npmjs.org/jquery/-/jquery-3.4.1.tgz",
      "integrity": "sha512-36+AdBzCL+y6qjw5Tx7HgzeGCzC81MDDgaUP8ld2zhx58HdqXGoBd+tHdrBMiyjGQs0Hxs/MLZTu/eHNJJuWPw=="
    },
    "jquery-ui": {
      "version": "1.12.1",
      "resolved": "https://registry.npmjs.org/jquery-ui/-/jquery-ui-1.12.1.tgz",
      "integrity": "sha1-vLQEXI3QU5wTS8FIjN0+dop6nlE="
    },
    "jquery.growl": {
      "version": "1.3.5",
      "resolved": "https://registry.npmjs.org/jquery.growl/-/jquery.growl-1.3.5.tgz",
      "integrity": "sha1-+hxNdY4NdoZVHhWJaxqqwrsa9/E="
    },
    "querystring": {
      "version": "0.2.0",
      "resolved": "https://registry.npmjs.org/querystring/-/querystring-0.2.0.tgz",
      "integrity": "sha1-sgmEkgO7Jd+CDadW50cAWHhSFiA="
    },
    "typescript": {
      "version": "2.9.2",
      "resolved": "https://registry.npmjs.org/typescript/-/typescript-2.9.2.tgz",
      "integrity": "sha512-Gr4p6nFNaoufRIY4NMdpQRNmgxVIGMs4Fcu/ujdYk3nAZqk7supzBE9idmvfZIlH/Cuj//dvi+019qEue9lV0w=="
    },
    "webuilder": {
      "version": "1.1.3",
      "resolved": "https://registry.npmjs.org/webuilder/-/webuilder-1.1.3.tgz",
      "integrity": "sha1-eUuF+hr+pa1deRAmBykVw9YAmGQ=",
      "requires": {
        "jquery": "^3.2.1",
        "url": "^0.11.0"
      },
      "dependencies": {
        "jquery": {
          "version": "3.3.1",
          "resolved": "https://registry.npmjs.org/jquery/-/jquery-3.3.1.tgz",
          "integrity": "sha512-Ubldcmxp5np52/ENotGxlLe6aGMvmF4R8S6tZjsP6Knsaxd/xp3Zrh50cG93lR6nPXyUFwzN3ZSOQI0wRJNdGg=="
        },
        "punycode": {
          "version": "1.3.2",
          "resolved": "https://registry.npmjs.org/punycode/-/punycode-1.3.2.tgz",
          "integrity": "sha1-llOgNvt8HuQjQvIyXM7v6jkmxI0="
        },
        "url": {
          "version": "0.11.0",
          "resolved": "https://registry.npmjs.org/url/-/url-0.11.0.tgz",
          "integrity": "sha1-ODjpfPxgUh63PFJajlW/3Z4uKPE=",
          "requires": {
            "punycode": "1.3.2",
            "querystring": "0.2.0"
          }
        }
      }
    }
  }
}
